
Microsoft Visual Studio Solution File, Format Version 12.00
# Visual Studio 15
VisualStudioVersion = 15.0.27703.2026
MinimumVisualStudioVersion = 10.0.40219.1
Project("{FAE04EC0-301F-11D3-BF4B-00C04F79EFBC}") = "HamaraBasketTests", "HamaraBasketTests\HamaraBasketTests.csproj", "{3491A827-2C48-4F16-B5EB-2B98CD9F3826}"
EndProject
Project("{FAE04EC0-301F-11D3-BF4B-00C04F79EFBC}") = "HamaraBasketQualityAssurance", "HamaraBasketQualityAssurance\HamaraBasketQualityAssurance.csproj", "{7D965D99-888D-433E-89DF-ED86A0449E77}"
EndProject
Global
	GlobalSection(SolutionConfigurationPlatforms) = preSolution
		Debug|Any CPU = Debug|Any CPU
		Release|Any CPU = Release|Any CPU
	EndGlobalSection
	GlobalSection(ProjectConfigurationPlatforms) = postSolution
		{3491A827-2C48-4F16-B5EB-2B98CD9F3826}.Debug|Any CPU.ActiveCfg = Debug|Any CPU
		{3491A827-2C48-4F16-B5EB-2B98CD9F3826}.Debug|Any CPU.Build.0 = Debug|Any CPU
		{3491A827-2C48-4F16-B5EB-2B98CD9F3826}.Release|Any CPU.ActiveCfg = Release|Any CPU
		{3491A827-2C48-4F16-B5EB-2B98CD9F3826}.Release|Any CPU.Build.0 = Release|Any CPU
		{7D965D99-888D-433E-89DF-ED86A0449E77}.Debug|Any CPU.ActiveCfg = Debug|Any CPU
		{7D965D99-888D-433E-89DF-ED86A0449E77}.Debug|Any CPU.Build.0 = Debug|Any CPU
		{7D965D99-888D-433E-89DF-ED86A0449E77}.Release|Any CPU.ActiveCfg = Release|Any CPU
		{7D965D99-888D-433E-89DF-ED86A0449E77}.Release|Any CPU.Build.0 = Release|Any CPU
	EndGlobalSection
	GlobalSection(SolutionProperties) = preSolution
		HideSolutionNode = FALSE
	EndGlobalSection
	GlobalSection(ExtensibilityGlobals) = postSolution
		SolutionGuid = {AAF6DD83-267C-4413-816E-D2EB117844ED}
	EndGlobalSection
EndGlobal
